// !$*UTF8*$!
{
	archiveVersion = 1;
	classes = {
	};
	objectVersion = 56;
	objects = {

/* Begin PBXBuildFile section */
		3090AEB82D4A9E6600A3187E /* AppDelegate.swift in Sources */ = {isa = PBXBuildFile; fileRef = 3090AEB72D4A9E6600A3187E /* AppDelegate.swift */; };
		3090AEBA2D4A9E6600A3187E /* SceneDelegate.swift in Sources */ = {isa = PBXBuildFile; fileRef = 3090AEB92D4A9E6600A3187E /* SceneDelegate.swift */; };
		3090AEBC2D4A9E6600A3187E /* ViewController.swift in Sources */ = {isa = PBXBuildFile; fileRef = 3090AEBB2D4A9E6600A3187E /* ViewController.swift */; };
		3090AEBF2D4A9E6600A3187E /* Base in Resources */ = {isa = PBXBuildFile; fileRef = 3090AEBE2D4A9E6600A3187E /* Base */; };
		3090AEC12D4A9E6700A3187E /* Assets.xcassets in Resources */ = {isa = PBXBuildFile; fileRef = 3090AEC02D4A9E6700A3187E /* Assets.xcassets */; };
		3090AEC42D4A9E6700A3187E /* Base in Resources */ = {isa = PBXBuildFile; fileRef = 3090AEC32D4A9E6700A3187E /* Base */; };
		3090AECC2D4AC38300A3187E /* MyTableViewController.swift in Sources */ = {isa = PBXBuildFile; fileRef = 3090AECB2D4AC38300A3187E /* MyTableViewController.swift */; };
		3090AECE2D4ACAF600A3187E /* MyTableViewCell.swift in Sources */ = {isa = PBXBuildFile; fileRef = 3090AECD2D4ACAF600A3187E /* MyTableViewCell.swift */; };
		30CEA7EB2D4ACF5C007EE12C /* Model.swift in Sources */ = {isa = PBXBuildFile; fileRef = 30CEA7EA2D4ACF5C007EE12C /* Model.swift */; };
/* End PBXBuildFile section */

/* Begin PBXFileReference section */
		3090AEB42D4A9E6600A3187E /* UITableViewController,MVC,UserDefaults.app */ = {isa = PBXFileReference; explicitFileType = wrapper.application; includeInIndex = 0; path = "UITableViewController,MVC,UserDefaults.app"; sourceTree = BUILT_PRODUCTS_DIR; };
		3090AEB72D4A9E6600A3187E /* AppDelegate.swift */ = {isa = PBXFileReference; lastKnownFileType = sourcecode.swift; path = AppDelegate.swift; sourceTree = "<group>"; };
		3090AEB92D4A9E6600A3187E /* SceneDelegate.swift */ = {isa = PBXFileReference; lastKnownFileType = sourcecode.swift; path = SceneDelegate.swift; sourceTree = "<group>"; };
		3090AEBB2D4A9E6600A3187E /* ViewController.swift */ = {isa = PBXFileReference; lastKnownFileType = sourcecode.swift; path = ViewController.swift; sourceTree = "<group>"; };
		3090AEBE2D4A9E6600A3187E /* Base */ = {isa = PBXFileReference; lastKnownFileType = file.storyboard; name = Base; path = Base.lproj/Main.storyboard; sourceTree = "<group>"; };
		3090AEC02D4A9E6700A3187E /* Assets.xcassets */ = {isa = PBXFileReference; lastKnownFileType = folder.assetcatalog; path = Assets.xcassets; sourceTree = "<group>"; };
		3090AEC32D4A9E6700A3187E /* Base */ = {isa = PBXFileReference; lastKnownFileType = file.storyboard; name = Base; path = Base.lproj/LaunchScreen.storyboard; sourceTree = "<group>"; };
		3090AEC52D4A9E6700A3187E /* Info.plist */ = {isa = PBXFileReference; lastKnownFileType = text.plist.xml; path = Info.plist; sourceTree = "<group>"; };
		3090AECB2D4AC38300A3187E /* MyTableViewController.swift */ = {isa = PBXFileReference; lastKnownFileType = sourcecode.swift; path = MyTableViewController.swift; sourceTree = "<group>"; };
		3090AECD2D4ACAF600A3187E /* MyTableViewCell.swift */ = {isa = PBXFileReference; lastKnownFileType = sourcecode.swift; path = MyTableViewCell.swift; sourceTree = "<group>"; };
		30CEA7EA2D4ACF5C007EE12C /* Model.swift */ = {isa = PBXFileReference; lastKnownFileType = sourcecode.swift; path = Model.swift; sourceTree = "<group>"; };
/* End PBXFileReference section */

/* Begin PBXFrameworksBuildPhase section */
		3090AEB12D4A9E6600A3187E /* Frameworks */ = {
			isa = PBXFrameworksBuildPhase;
			buildActionMask = 2147483647;
			files = (
			);
			runOnlyForDeploymentPostprocessing = 0;
		};
/* End PBXFrameworksBuildPhase section */

/* Begin PBXGroup section */
		3090AEAB2D4A9E6600A3187E = {
			isa = PBXGroup;
			children = (
				3090AEB62D4A9E6600A3187E /* UITableViewController,MVC,UserDefaults */,
				3090AEB52D4A9E6600A3187E /* Products */,
			);
			sourceTree = "<group>";
		};
		3090AEB52D4A9E6600A3187E /* Products */ = {
			isa = PBXGroup;
			children = (
				3090AEB42D4A9E6600A3187E /* UITableViewController,MVC,UserDefaults.app */,
			);
			name = Products;
			sourceTree = "<group>";
		};
		3090AEB62D4A9E6600A3187E /* UITableViewController,MVC,UserDefaults */ = {
			isa = PBXGroup;
			children = (
				3090AEB72D4A9E6600A3187E /* AppDelegate.swift */,
				3090AEB92D4A9E6600A3187E /* SceneDelegate.swift */,
				3090AECB2D4AC38300A3187E /* MyTableViewController.swift */,
				3090AECD2D4ACAF600A3187E /* MyTableViewCell.swift */,
				3090AEBB2D4A9E6600A3187E /* ViewController.swift */,
				3090AEBD2D4A9E6600A3187E /* Main.storyboard */,
				3090AEC02D4A9E6700A3187E /* Assets.xcassets */,
				3090AEC22D4A9E6700A3187E /* LaunchScreen.storyboard */,
				3090AEC52D4A9E6700A3187E /* Info.plist */,
				30CEA7EA2D4ACF5C007EE12C /* Model.swift */,
			);
			path = "UITableViewController,MVC,UserDefaults";
			sourceTree = "<group>";
		};
/* End PBXGroup section */

/* Begin PBXNativeTarget section */
		3090AEB32D4A9E6600A3187E /* UITableViewController,MVC,UserDefaults */ = {
			isa = PBXNativeTarget;
			buildConfigurationList = 3090AEC82D4A9E6700A3187E /* Build configuration list for PBXNativeTarget "UITableViewController,MVC,UserDefaults" */;
			buildPhases = (
				3090AEB02D4A9E6600A3187E /* Sources */,
				3090AEB12D4A9E6600A3187E /* Frameworks */,
				3090AEB22D4A9E6600A3187E /* Resources */,
			);
			buildRules = (
			);
			dependencies = (
			);
			name = "UITableViewController,MVC,UserDefaults";
			productName = "UITableViewController,MVC,UserDefaults";
			productReference = 3090AEB42D4A9E6600A3187E /* UITableViewController,MVC,UserDefaults.app */;
			productType = "com.apple.product-type.application";
		};
/* End PBXNativeTarget section */

/* Begin PBXProject section */
		3090AEAC2D4A9E6600A3187E /* Project object */ = {
			isa = PBXProject;
			attributes = {
				BuildIndependentTargetsInParallel = 1;
				LastSwiftUpdateCheck = 1540;
				LastUpgradeCheck = 1540;
				TargetAttributes = {
					3090AEB32D4A9E6600A3187E = {
						CreatedOnToolsVersion = 15.4;
					};
				};
			};
			buildConfigurationList = 3090AEAF2D4A9E6600A3187E /* Build configuration list for PBXProject "UITableViewController,MVC,UserDefaults" */;
			compatibilityVersion = "Xcode 14.0";
			developmentRegion = en;
			hasScannedForEncodings = 0;
			knownRegions = (
				en,
				Base,
			);
			mainGroup = 3090AEAB2D4A9E6600A3187E;
			productRefGroup = 3090AEB52D4A9E6600A3187E /* Products */;
			projectDirPath = "";
			projectRoot = "";
			targets = (
				3090AEB32D4A9E6600A3187E /* UITableViewController,MVC,UserDefaults */,
			);
		};
/* End PBXProject section */

/* Begin PBXResourcesBuildPhase section */
		3090AEB22D4A9E6600A3187E /* Resources */ = {
			isa = PBXResourcesBuildPhase;
			buildActionMask = 2147483647;
			files = (
				3090AEC12D4A9E6700A3187E /* Assets.xcassets in Resources */,
				3090AEC42D4A9E6700A3187E /* Base in Resources */,
				3090AEBF2D4A9E6600A3187E /* Base in Resources */,
			);
			runOnlyForDeploymentPostprocessing = 0;
		};
/* End PBXResourcesBuildPhase section */

/* Begin PBXSourcesBuildPhase section */
		3090AEB02D4A9E6600A3187E /* Sources */ = {
			isa = PBXSourcesBuildPhase;
			buildActionMask = 2147483647;
			files = (
				3090AEBC2D4A9E6600A3187E /* ViewController.swift in Sources */,
				3090AEB82D4A9E6600A3187E /* AppDelegate.swift in Sources */,
				3090AEBA2D4A9E6600A3187E /* SceneDelegate.swift in Sources */,
				30CEA7EB2D4ACF5C007EE12C /* Model.swift in Sources */,
				3090AECE2D4ACAF600A3187E /* MyTableViewCell.swift in Sources */,
				3090AECC2D4AC38300A3187E /* MyTableViewController.swift in Sources */,
			);
			runOnlyForDeploymentPostprocessing = 0;
		};
/* End PBXSourcesBuildPhase section */

/* Begin PBXVariantGroup section */
		3090AEBD2D4A9E6600A3187E /* Main.storyboard */ = {
			isa = PBXVariantGroup;
			children = (
				3090AEBE2D4A9E6600A3187E /* Base */,
			);
			name = Main.storyboard;
			sourceTree = "<group>";
		};
		3090AEC22D4A9E6700A3187E /* LaunchScreen.storyboard */ = {
			isa = PBXVariantGroup;
			children = (
				3090AEC32D4A9E6700A3187E /* Base */,
			);
			name = LaunchScreen.storyboard;
			sourceTree = "<group>";
		};
/* End PBXVariantGroup section */

/* Begin XCBuildConfiguration section */
		3090AEC62D4A9E6700A3187E /* Debug */ = {
			isa = XCBuildConfiguration;
			buildSettings = {
				ALWAYS_SEARCH_USER_PATHS = NO;
				ASSETCATALOG_COMPILER_GENERATE_SWIFT_ASSET_SYMBOL_EXTENSIONS = YES;
				CLANG_ANALYZER_NONNULL = YES;
				CLANG_ANALYZER_NUMBER_OBJECT_CONVERSION = YES_AGGRESSIVE;
				CLANG_CXX_LANGUAGE_STANDARD = "gnu++20";
				CLANG_ENABLE_MODULES = YES;
				CLANG_ENABLE_OBJC_ARC = YES;
				CLANG_ENABLE_OBJC_WEAK = YES;
				CLANG_WARN_BLOCK_CAPTURE_AUTORELEASING = YES;
				CLANG_WARN_BOOL_CONVERSION = YES;
				CLANG_WARN_COMMA = YES;
				CLANG_WARN_CONSTANT_CONVERSION = YES;
				CLANG_WARN_DEPRECATED_OBJC_IMPLEMENTATIONS = YES;
				CLANG_WARN_DIRECT_OBJC_ISA_USAGE = YES_ERROR;
				CLANG_WARN_DOCUMENTATION_COMMENTS = YES;
				CLANG_WARN_EMPTY_BODY = YES;
				CLANG_WARN_ENUM_CONVERSION = YES;
				CLANG_WARN_INFINITE_RECURSION = YES;
				CLANG_WARN_INT_CONVERSION = YES;
				CLANG_WARN_NON_LITERAL_NULL_CONVERSION = YES;
				CLANG_WARN_OBJC_IMPLICIT_RETAIN_SELF = YES;
				CLANG_WARN_OBJC_LITERAL_CONVERSION = YES;
				CLANG_WARN_OBJC_ROOT_CLASS = YES_ERROR;
				CLANG_WARN_QUOTED_INCLUDE_IN_FRAMEWORK_HEADER = YES;
				CLANG_WARN_RANGE_LOOP_ANALYSIS = YES;
				CLANG_WARN_STRICT_PROTOTYPES = YES;
				CLANG_WARN_SUSPICIOUS_MOVE = YES;
				CLANG_WARN_UNGUARDED_AVAILABILITY = YES_AGGRESSIVE;
				CLANG_WARN_UNREACHABLE_CODE = YES;
				CLANG_WARN__DUPLICATE_METHOD_MATCH = YES;
				COPY_PHASE_STRIP = NO;
				DEBUG_INFORMATION_FORMAT = dwarf;
				ENABLE_STRICT_OBJC_MSGSEND = YES;
				ENABLE_TESTABILITY = YES;
				ENABLE_USER_SCRIPT_SANDBOXING = YES;
				GCC_C_LANGUAGE_STANDARD = gnu17;
				GCC_DYNAMIC_NO_PIC = NO;
				GCC_NO_COMMON_BLOCKS = YES;
				GCC_OPTIMIZATION_LEVEL = 0;
				GCC_PREPROCESSOR_DEFINITIONS = (
					"DEBUG=1",
					"$(inherited)",
				);
				GCC_WARN_64_TO_32_BIT_CONVERSION = YES;
				GCC_WARN_ABOUT_RETURN_TYPE = YES_ERROR;
				GCC_WARN_UNDECLARED_SELECTOR = YES;
				GCC_WARN_UNINITIALIZED_AUTOS = YES_AGGRESSIVE;
				GCC_WARN_UNUSED_FUNCTION = YES;
				GCC_WARN_UNUSED_VARIABLE = YES;
				IPHONEOS_DEPLOYMENT_TARGET = 17.5;
				LOCALIZATION_PREFERS_STRING_CATALOGS = YES;
				MTL_ENABLE_DEBUG_INFO = INCLUDE_SOURCE;
				MTL_FAST_MATH = YES;
				ONLY_ACTIVE_ARCH = YES;
				SDKROOT = iphoneos;
				SWIFT_ACTIVE_COMPILATION_CONDITIONS = "DEBUG $(inherited)";
				SWIFT_OPTIMIZATION_LEVEL = "-Onone";
			};
			name = Debug;
		};
		3090AEC72D4A9E6700A3187E /* Release */ = {
			isa = XCBuildConfiguration;
			buildSettings = {
				ALWAYS_SEARCH_USER_PATHS = NO;
				ASSETCATALOG_COMPILER_GENERATE_SWIFT_ASSET_SYMBOL_EXTENSIONS = YES;
				CLANG_ANALYZER_NONNULL = YES;
				CLANG_ANALYZER_NUMBER_OBJECT_CONVERSION = YES_AGGRESSIVE;
				CLANG_CXX_LANGUAGE_STANDARD = "gnu++20";
				CLANG_ENABLE_MODULES = YES;
				CLANG_ENABLE_OBJC_ARC = YES;
				CLANG_ENABLE_OBJC_WEAK = YES;
				CLANG_WARN_BLOCK_CAPTURE_AUTORELEASING = YES;
				CLANG_WARN_BOOL_CONVERSION = YES;
				CLANG_WARN_COMMA = YES;
				CLANG_WARN_CONSTANT_CONVERSION = YES;
				CLANG_WARN_DEPRECATED_OBJC_IMPLEMENTATIONS = YES;
				CLANG_WARN_DIRECT_OBJC_ISA_USAGE = YES_ERROR;
				CLANG_WARN_DOCUMENTATION_COMMENTS = YES;
				CLANG_WARN_EMPTY_BODY = YES;
				CLANG_WARN_ENUM_CONVERSION = YES;
				CLANG_WARN_INFINITE_RECURSION = YES;
				CLANG_WARN_INT_CONVERSION = YES;
				CLANG_WARN_NON_LITERAL_NULL_CONVERSION = YES;
				CLANG_WARN_OBJC_IMPLICIT_RETAIN_SELF = YES;
				CLANG_WARN_OBJC_LITERAL_CONVERSION = YES;
				CLANG_WARN_OBJC_ROOT_CLASS = YES_ERROR;
				CLANG_WARN_QUOTED_INCLUDE_IN_FRAMEWORK_HEADER = YES;
				CLANG_WARN_RANGE_LOOP_ANALYSIS = YES;
				CLANG_WARN_STRICT_PROTOTYPES = YES;
				CLANG_WARN_SUSPICIOUS_MOVE = YES;
				CLANG_WARN_UNGUARDED_AVAILABILITY = YES_AGGRESSIVE;
				CLANG_WARN_UNREACHABLE_CODE = YES;
				CLANG_WARN__DUPLICATE_METHOD_MATCH = YES;
				COPY_PHASE_STRIP = NO;
				DEBUG_INFORMATION_FORMAT = "dwarf-with-dsym";
				ENABLE_NS_ASSERTIONS = NO;
				ENABLE_STRICT_OBJC_MSGSEND = YES;
				ENABLE_USER_SCRIPT_SANDBOXING = YES;
				GCC_C_LANGUAGE_STANDARD = gnu17;
				GCC_NO_COMMON_BLOCKS = YES;
				GCC_WARN_64_TO_32_BIT_CONVERSION = YES;
				GCC_WARN_ABOUT_RETURN_TYPE = YES_ERROR;
				GCC_WARN_UNDECLARED_SELECTOR = YES;
				GCC_WARN_UNINITIALIZED_AUTOS = YES_AGGRESSIVE;
				GCC_WARN_UNUSED_FUNCTION = YES;
				GCC_WARN_UNUSED_VARIABLE = YES;
				IPHONEOS_DEPLOYMENT_TARGET = 17.5;
				LOCALIZATION_PREFERS_STRING_CATALOGS = YES;
				MTL_ENABLE_DEBUG_INFO = NO;
				MTL_FAST_MATH = YES;
				SDKROOT = iphoneos;
				SWIFT_COMPILATION_MODE = wholemodule;
				VALIDATE_PRODUCT = YES;
			};
			name = Release;
		};
		3090AEC92D4A9E6700A3187E /* Debug */ = {
			isa = XCBuildConfiguration;
			buildSettings = {
				ASSETCATALOG_COMPILER_APPICON_NAME = AppIcon;
				ASSETCATALOG_COMPILER_GLOBAL_ACCENT_COLOR_NAME = AccentColor;
				CODE_SIGN_STYLE = Automatic;
				CURRENT_PROJECT_VERSION = 1;
				DEVELOPMENT_TEAM = G9Q236HNN8;
				GENERATE_INFOPLIST_FILE = YES;
				INFOPLIST_FILE = "UITableViewController,MVC,UserDefaults/Info.plist";
				INFOPLIST_KEY_UIApplicationSupportsIndirectInputEvents = YES;
				INFOPLIST_KEY_UILaunchStoryboardName = LaunchScreen;
				INFOPLIST_KEY_UIMainStoryboardFile = Main;
				INFOPLIST_KEY_UISupportedInterfaceOrientations_iPad = "UIInterfaceOrientationPortrait UIInterfaceOrientationPortraitUpsideDown UIInterfaceOrientationLandscapeLeft UIInterfaceOrientationLandscapeRight";
				INFOPLIST_KEY_UISupportedInterfaceOrientations_iPhone = "UIInterfaceOrientationPortrait UIInterfaceOrientationLandscapeLeft UIInterfaceOrientationLandscapeRight";
				LD_RUNPATH_SEARCH_PATHS = (
					"$(inherited)",
					"@executable_path/Frameworks",
				);
				MARKETING_VERSION = 1.0;
				PRODUCT_BUNDLE_IDENTIFIER = "com.daniil.dementyev.UITableViewController-MVC-UserDefaults";
				PRODUCT_NAME = "$(TARGET_NAME)";
				SWIFT_EMIT_LOC_STRINGS = YES;
				SWIFT_VERSION = 5.0;
				TARGETED_DEVICE_FAMILY = "1,2";
			};
			name = Debug;
		};
		3090AECA2D4A9E6700A3187E /* Release */ = {
			isa = XCBuildConfiguration;
			buildSettings = {
				ASSETCATALOG_COMPILER_APPICON_NAME = AppIcon;
				ASSETCATALOG_COMPILER_GLOBAL_ACCENT_COLOR_NAME = AccentColor;
				CODE_SIGN_STYLE = Automatic;
				CURRENT_PROJECT_VERSION = 1;
				DEVELOPMENT_TEAM = G9Q236HNN8;
				GENERATE_INFOPLIST_FILE = YES;
				INFOPLIST_FILE = "UITableViewController,MVC,UserDefaults/Info.plist";
				INFOPLIST_KEY_UIApplicationSupportsIndirectInputEvents = YES;
				INFOPLIST_KEY_UILaunchStoryboardName = LaunchScreen;
				INFOPLIST_KEY_UIMainStoryboardFile = Main;
				INFOPLIST_KEY_UISupportedInterfaceOrientations_iPad = "UIInterfaceOrientationPortrait UIInterfaceOrientationPortraitUpsideDown UIInterfaceOrientationLandscapeLeft UIInterfaceOrientationLandscapeRight";
				INFOPLIST_KEY_UISupportedInterfaceOrientations_iPhone = "UIInterfaceOrientationPortrait UIInterfaceOrientationLandscapeLeft UIInterfaceOrientationLandscapeRight";
				LD_RUNPATH_SEARCH_PATHS = (
					"$(inherited)",
					"@executable_path/Frameworks",
				);
				MARKETING_VERSION = 1.0;
				PRODUCT_BUNDLE_IDENTIFIER = "com.daniil.dementyev.UITableViewController-MVC-UserDefaults";
				PRODUCT_NAME = "$(TARGET_NAME)";
				SWIFT_EMIT_LOC_STRINGS = YES;
				SWIFT_VERSION = 5.0;
				TARGETED_DEVICE_FAMILY = "1,2";
			};
			name = Release;
		};
/* End XCBuildConfiguration section */

/* Begin XCConfigurationList section */
		3090AEAF2D4A9E6600A3187E /* Build configuration list for PBXProject "UITableViewController,MVC,UserDefaults" */ = {
			isa = XCConfigurationList;
			buildConfigurations = (
				3090AEC62D4A9E6700A3187E /* Debug */,
				3090AEC72D4A9E6700A3187E /* Release */,
			);
			defaultConfigurationIsVisible = 0;
			defaultConfigurationName = Release;
		};
		3090AEC82D4A9E6700A3187E /* Build configuration list for PBXNativeTarget "UITableViewController,MVC,UserDefaults" */ = {
			isa = XCConfigurationList;
			buildConfigurations = (
				3090AEC92D4A9E6700A3187E /* Debug */,
				3090AECA2D4A9E6700A3187E /* Release */,
			);
			defaultConfigurationIsVisible = 0;
			defaultConfigurationName = Release;
		};
/* End XCConfigurationList section */
	};
	rootObject = 3090AEAC2D4A9E6600A3187E /* Project object */;
}
