// !$*UTF8*$!
{
	archiveVersion = 1;
	classes = {
	};
	objectVersion = 56;
	objects = {

/* Begin PBXBuildFile section */
		307B57972D4CBA5A000CB0F2 /* SubscriptionDetailDelegate.swift in Sources */ = {isa = PBXBuildFile; fileRef = 307B57962D4CBA5A000CB0F2 /* SubscriptionDetailDelegate.swift */; };
		307B57992D4CBF14000CB0F2 /* NotificationManager.swift in Sources */ = {isa = PBXBuildFile; fileRef = 307B57982D4CBF14000CB0F2 /* NotificationManager.swift */; };
		307B579B2D4CE83B000CB0F2 /* SubscriptionCell.swift in Sources */ = {isa = PBXBuildFile; fileRef = 307B579A2D4CE83B000CB0F2 /* SubscriptionCell.swift */; };
		30FF977F2D4BC35A00C109FA /* AppDelegate.swift in Sources */ = {isa = PBXBuildFile; fileRef = 30FF977E2D4BC35A00C109FA /* AppDelegate.swift */; };
		30FF97812D4BC35A00C109FA /* SceneDelegate.swift in Sources */ = {isa = PBXBuildFile; fileRef = 30FF97802D4BC35A00C109FA /* SceneDelegate.swift */; };
		30FF97862D4BC35A00C109FA /* Base in Resources */ = {isa = PBXBuildFile; fileRef = 30FF97852D4BC35A00C109FA /* Base */; };
		30FF97882D4BC35A00C109FA /* Assets.xcassets in Resources */ = {isa = PBXBuildFile; fileRef = 30FF97872D4BC35A00C109FA /* Assets.xcassets */; };
		30FF978B2D4BC35A00C109FA /* Base in Resources */ = {isa = PBXBuildFile; fileRef = 30FF978A2D4BC35A00C109FA /* Base */; };
		30FF97982D4BC3D000C109FA /* Subscription.swift in Sources */ = {isa = PBXBuildFile; fileRef = 30FF97972D4BC3D000C109FA /* Subscription.swift */; };
		30FF979A2D4BC3E100C109FA /* BillingCycle.swift in Sources */ = {isa = PBXBuildFile; fileRef = 30FF97992D4BC3E100C109FA /* BillingCycle.swift */; };
		30FF979C2D4BC40F00C109FA /* SubscriptionViewModel.swift in Sources */ = {isa = PBXBuildFile; fileRef = 30FF979B2D4BC40F00C109FA /* SubscriptionViewModel.swift */; };
		30FF979E2D4BC4CB00C109FA /* SubscriptionListViewController.swift in Sources */ = {isa = PBXBuildFile; fileRef = 30FF979D2D4BC4CB00C109FA /* SubscriptionListViewController.swift */; };
		30FF97A02D4BC4FB00C109FA /* AddSubscriptionViewController.swift in Sources */ = {isa = PBXBuildFile; fileRef = 30FF979F2D4BC4FB00C109FA /* AddSubscriptionViewController.swift */; };
		30FF97A22D4BC51600C109FA /* SubscriptionDetailViewController.swift in Sources */ = {isa = PBXBuildFile; fileRef = 30FF97A12D4BC51600C109FA /* SubscriptionDetailViewController.swift */; };
		30FF97A52D4BD0CE00C109FA /* SubscriptionStorage.swift in Sources */ = {isa = PBXBuildFile; fileRef = 30FF97A42D4BD0CE00C109FA /* SubscriptionStorage.swift */; };
		30FF97A82D4BF8A200C109FA /* AddSubscriptionDelegate.swift in Sources */ = {isa = PBXBuildFile; fileRef = 30FF97A72D4BF8A200C109FA /* AddSubscriptionDelegate.swift */; };
/* End PBXBuildFile section */

/* Begin PBXFileReference section */
		307B57962D4CBA5A000CB0F2 /* SubscriptionDetailDelegate.swift */ = {isa = PBXFileReference; lastKnownFileType = sourcecode.swift; path = SubscriptionDetailDelegate.swift; sourceTree = "<group>"; };
		307B57982D4CBF14000CB0F2 /* NotificationManager.swift */ = {isa = PBXFileReference; lastKnownFileType = sourcecode.swift; path = NotificationManager.swift; sourceTree = "<group>"; };
		307B579A2D4CE83B000CB0F2 /* SubscriptionCell.swift */ = {isa = PBXFileReference; lastKnownFileType = sourcecode.swift; path = SubscriptionCell.swift; sourceTree = "<group>"; };
		30FF977B2D4BC35A00C109FA /* Recurring Payments.app */ = {isa = PBXFileReference; explicitFileType = wrapper.application; includeInIndex = 0; path = "Recurring Payments.app"; sourceTree = BUILT_PRODUCTS_DIR; };
		30FF977E2D4BC35A00C109FA /* AppDelegate.swift */ = {isa = PBXFileReference; lastKnownFileType = sourcecode.swift; path = AppDelegate.swift; sourceTree = "<group>"; };
		30FF97802D4BC35A00C109FA /* SceneDelegate.swift */ = {isa = PBXFileReference; lastKnownFileType = sourcecode.swift; path = SceneDelegate.swift; sourceTree = "<group>"; };
		30FF97852D4BC35A00C109FA /* Base */ = {isa = PBXFileReference; lastKnownFileType = file.storyboard; name = Base; path = Base.lproj/Main.storyboard; sourceTree = "<group>"; };
		30FF97872D4BC35A00C109FA /* Assets.xcassets */ = {isa = PBXFileReference; lastKnownFileType = folder.assetcatalog; path = Assets.xcassets; sourceTree = "<group>"; };
		30FF978A2D4BC35A00C109FA /* Base */ = {isa = PBXFileReference; lastKnownFileType = file.storyboard; name = Base; path = Base.lproj/LaunchScreen.storyboard; sourceTree = "<group>"; };
		30FF978C2D4BC35A00C109FA /* Info.plist */ = {isa = PBXFileReference; lastKnownFileType = text.plist.xml; path = Info.plist; sourceTree = "<group>"; };
		30FF97972D4BC3D000C109FA /* Subscription.swift */ = {isa = PBXFileReference; lastKnownFileType = sourcecode.swift; path = Subscription.swift; sourceTree = "<group>"; };
		30FF97992D4BC3E100C109FA /* BillingCycle.swift */ = {isa = PBXFileReference; lastKnownFileType = sourcecode.swift; path = BillingCycle.swift; sourceTree = "<group>"; };
		30FF979B2D4BC40F00C109FA /* SubscriptionViewModel.swift */ = {isa = PBXFileReference; lastKnownFileType = sourcecode.swift; path = SubscriptionViewModel.swift; sourceTree = "<group>"; };
		30FF979D2D4BC4CB00C109FA /* SubscriptionListViewController.swift */ = {isa = PBXFileReference; lastKnownFileType = sourcecode.swift; path = SubscriptionListViewController.swift; sourceTree = "<group>"; };
		30FF979F2D4BC4FB00C109FA /* AddSubscriptionViewController.swift */ = {isa = PBXFileReference; lastKnownFileType = sourcecode.swift; path = AddSubscriptionViewController.swift; sourceTree = "<group>"; };
		30FF97A12D4BC51600C109FA /* SubscriptionDetailViewController.swift */ = {isa = PBXFileReference; lastKnownFileType = sourcecode.swift; path = SubscriptionDetailViewController.swift; sourceTree = "<group>"; };
		30FF97A42D4BD0CE00C109FA /* SubscriptionStorage.swift */ = {isa = PBXFileReference; lastKnownFileType = sourcecode.swift; path = SubscriptionStorage.swift; sourceTree = "<group>"; };
		30FF97A72D4BF8A200C109FA /* AddSubscriptionDelegate.swift */ = {isa = PBXFileReference; lastKnownFileType = sourcecode.swift; path = AddSubscriptionDelegate.swift; sourceTree = "<group>"; };
/* End PBXFileReference section */

/* Begin PBXFrameworksBuildPhase section */
		30FF97782D4BC35900C109FA /* Frameworks */ = {
			isa = PBXFrameworksBuildPhase;
			buildActionMask = 2147483647;
			files = (
			);
			runOnlyForDeploymentPostprocessing = 0;
		};
/* End PBXFrameworksBuildPhase section */

/* Begin PBXGroup section */
		30FF97722D4BC35900C109FA = {
			isa = PBXGroup;
			children = (
				30FF977D2D4BC35A00C109FA /* Recurring Payments */,
				30FF977C2D4BC35A00C109FA /* Products */,
			);
			sourceTree = "<group>";
		};
		30FF977C2D4BC35A00C109FA /* Products */ = {
			isa = PBXGroup;
			children = (
				30FF977B2D4BC35A00C109FA /* Recurring Payments.app */,
			);
			name = Products;
			sourceTree = "<group>";
		};
		30FF977D2D4BC35A00C109FA /* Recurring Payments */ = {
			isa = PBXGroup;
			children = (
				30FF97A62D4BF88700C109FA /* Protocols */,
				30FF978C2D4BC35A00C109FA /* Info.plist */,
				30FF97802D4BC35A00C109FA /* SceneDelegate.swift */,
				30FF977E2D4BC35A00C109FA /* AppDelegate.swift */,
				30FF97A32D4BC55100C109FA /* Resources */,
				30FF97942D4BC38900C109FA /* Views */,
				30FF97932D4BC37E00C109FA /* ViewModels */,
				30FF97922D4BC37300C109FA /* Models */,
				30FF97962D4BC3AB00C109FA /* Notifications */,
				30FF97952D4BC39D00C109FA /* Storage */,
			);
			path = "Recurring Payments";
			sourceTree = "<group>";
		};
		30FF97922D4BC37300C109FA /* Models */ = {
			isa = PBXGroup;
			children = (
				30FF97972D4BC3D000C109FA /* Subscription.swift */,
				30FF97992D4BC3E100C109FA /* BillingCycle.swift */,
			);
			path = Models;
			sourceTree = "<group>";
		};
		30FF97932D4BC37E00C109FA /* ViewModels */ = {
			isa = PBXGroup;
			children = (
				30FF979B2D4BC40F00C109FA /* SubscriptionViewModel.swift */,
			);
			path = ViewModels;
			sourceTree = "<group>";
		};
		30FF97942D4BC38900C109FA /* Views */ = {
			isa = PBXGroup;
			children = (
				30FF979D2D4BC4CB00C109FA /* SubscriptionListViewController.swift */,
				30FF979F2D4BC4FB00C109FA /* AddSubscriptionViewController.swift */,
				30FF97A12D4BC51600C109FA /* SubscriptionDetailViewController.swift */,
				307B579A2D4CE83B000CB0F2 /* SubscriptionCell.swift */,
			);
			path = Views;
			sourceTree = "<group>";
		};
		30FF97952D4BC39D00C109FA /* Storage */ = {
			isa = PBXGroup;
			children = (
				30FF97A42D4BD0CE00C109FA /* SubscriptionStorage.swift */,
			);
			path = Storage;
			sourceTree = "<group>";
		};
		30FF97962D4BC3AB00C109FA /* Notifications */ = {
			isa = PBXGroup;
			children = (
				307B57982D4CBF14000CB0F2 /* NotificationManager.swift */,
			);
			path = Notifications;
			sourceTree = "<group>";
		};
		30FF97A32D4BC55100C109FA /* Resources */ = {
			isa = PBXGroup;
			children = (
				30FF97842D4BC35A00C109FA /* Main.storyboard */,
				30FF97892D4BC35A00C109FA /* LaunchScreen.storyboard */,
				30FF97872D4BC35A00C109FA /* Assets.xcassets */,
			);
			path = Resources;
			sourceTree = "<group>";
		};
		30FF97A62D4BF88700C109FA /* Protocols */ = {
			isa = PBXGroup;
			children = (
				30FF97A72D4BF8A200C109FA /* AddSubscriptionDelegate.swift */,
				307B57962D4CBA5A000CB0F2 /* SubscriptionDetailDelegate.swift */,
			);
			path = Protocols;
			sourceTree = "<group>";
		};
/* End PBXGroup section */

/* Begin PBXNativeTarget section */
		30FF977A2D4BC35900C109FA /* Recurring Payments */ = {
			isa = PBXNativeTarget;
			buildConfigurationList = 30FF978F2D4BC35A00C109FA /* Build configuration list for PBXNativeTarget "Recurring Payments" */;
			buildPhases = (
				30FF97772D4BC35900C109FA /* Sources */,
				30FF97782D4BC35900C109FA /* Frameworks */,
				30FF97792D4BC35900C109FA /* Resources */,
			);
			buildRules = (
			);
			dependencies = (
			);
			name = "Recurring Payments";
			productName = "Recurring Payments";
			productReference = 30FF977B2D4BC35A00C109FA /* Recurring Payments.app */;
			productType = "com.apple.product-type.application";
		};
/* End PBXNativeTarget section */

/* Begin PBXProject section */
		30FF97732D4BC35900C109FA /* Project object */ = {
			isa = PBXProject;
			attributes = {
				BuildIndependentTargetsInParallel = 1;
				LastSwiftUpdateCheck = 1540;
				LastUpgradeCheck = 1540;
				TargetAttributes = {
					30FF977A2D4BC35900C109FA = {
						CreatedOnToolsVersion = 15.4;
					};
				};
			};
			buildConfigurationList = 30FF97762D4BC35900C109FA /* Build configuration list for PBXProject "Recurring Payments" */;
			compatibilityVersion = "Xcode 14.0";
			developmentRegion = en;
			hasScannedForEncodings = 0;
			knownRegions = (
				en,
				Base,
			);
			mainGroup = 30FF97722D4BC35900C109FA;
			productRefGroup = 30FF977C2D4BC35A00C109FA /* Products */;
			projectDirPath = "";
			projectRoot = "";
			targets = (
				30FF977A2D4BC35900C109FA /* Recurring Payments */,
			);
		};
/* End PBXProject section */

/* Begin PBXResourcesBuildPhase section */
		30FF97792D4BC35900C109FA /* Resources */ = {
			isa = PBXResourcesBuildPhase;
			buildActionMask = 2147483647;
			files = (
				30FF97882D4BC35A00C109FA /* Assets.xcassets in Resources */,
				30FF978B2D4BC35A00C109FA /* Base in Resources */,
				30FF97862D4BC35A00C109FA /* Base in Resources */,
			);
			runOnlyForDeploymentPostprocessing = 0;
		};
/* End PBXResourcesBuildPhase section */

/* Begin PBXSourcesBuildPhase section */
		30FF97772D4BC35900C109FA /* Sources */ = {
			isa = PBXSourcesBuildPhase;
			buildActionMask = 2147483647;
			files = (
				30FF97A22D4BC51600C109FA /* SubscriptionDetailViewController.swift in Sources */,
				30FF97A82D4BF8A200C109FA /* AddSubscriptionDelegate.swift in Sources */,
				30FF977F2D4BC35A00C109FA /* AppDelegate.swift in Sources */,
				30FF97982D4BC3D000C109FA /* Subscription.swift in Sources */,
				307B57972D4CBA5A000CB0F2 /* SubscriptionDetailDelegate.swift in Sources */,
				30FF97A02D4BC4FB00C109FA /* AddSubscriptionViewController.swift in Sources */,
				307B579B2D4CE83B000CB0F2 /* SubscriptionCell.swift in Sources */,
				307B57992D4CBF14000CB0F2 /* NotificationManager.swift in Sources */,
				30FF979C2D4BC40F00C109FA /* SubscriptionViewModel.swift in Sources */,
				30FF979A2D4BC3E100C109FA /* BillingCycle.swift in Sources */,
				30FF979E2D4BC4CB00C109FA /* SubscriptionListViewController.swift in Sources */,
				30FF97A52D4BD0CE00C109FA /* SubscriptionStorage.swift in Sources */,
				30FF97812D4BC35A00C109FA /* SceneDelegate.swift in Sources */,
			);
			runOnlyForDeploymentPostprocessing = 0;
		};
/* End PBXSourcesBuildPhase section */

/* Begin PBXVariantGroup section */
		30FF97842D4BC35A00C109FA /* Main.storyboard */ = {
			isa = PBXVariantGroup;
			children = (
				30FF97852D4BC35A00C109FA /* Base */,
			);
			name = Main.storyboard;
			sourceTree = "<group>";
		};
		30FF97892D4BC35A00C109FA /* LaunchScreen.storyboard */ = {
			isa = PBXVariantGroup;
			children = (
				30FF978A2D4BC35A00C109FA /* Base */,
			);
			name = LaunchScreen.storyboard;
			sourceTree = "<group>";
		};
/* End PBXVariantGroup section */

/* Begin XCBuildConfiguration section */
		30FF978D2D4BC35A00C109FA /* Debug */ = {
			isa = XCBuildConfiguration;
			buildSettings = {
				ALWAYS_SEARCH_USER_PATHS = NO;
				ASSETCATALOG_COMPILER_GENERATE_SWIFT_ASSET_SYMBOL_EXTENSIONS = YES;
				CLANG_ANALYZER_NONNULL = YES;
				CLANG_ANALYZER_NUMBER_OBJECT_CONVERSION = YES_AGGRESSIVE;
				CLANG_CXX_LANGUAGE_STANDARD = "gnu++20";
				CLANG_ENABLE_MODULES = YES;
				CLANG_ENABLE_OBJC_ARC = YES;
				CLANG_ENABLE_OBJC_WEAK = YES;
				CLANG_WARN_BLOCK_CAPTURE_AUTORELEASING = YES;
				CLANG_WARN_BOOL_CONVERSION = YES;
				CLANG_WARN_COMMA = YES;
				CLANG_WARN_CONSTANT_CONVERSION = YES;
				CLANG_WARN_DEPRECATED_OBJC_IMPLEMENTATIONS = YES;
				CLANG_WARN_DIRECT_OBJC_ISA_USAGE = YES_ERROR;
				CLANG_WARN_DOCUMENTATION_COMMENTS = YES;
				CLANG_WARN_EMPTY_BODY = YES;
				CLANG_WARN_ENUM_CONVERSION = YES;
				CLANG_WARN_INFINITE_RECURSION = YES;
				CLANG_WARN_INT_CONVERSION = YES;
				CLANG_WARN_NON_LITERAL_NULL_CONVERSION = YES;
				CLANG_WARN_OBJC_IMPLICIT_RETAIN_SELF = YES;
				CLANG_WARN_OBJC_LITERAL_CONVERSION = YES;
				CLANG_WARN_OBJC_ROOT_CLASS = YES_ERROR;
				CLANG_WARN_QUOTED_INCLUDE_IN_FRAMEWORK_HEADER = YES;
				CLANG_WARN_RANGE_LOOP_ANALYSIS = YES;
				CLANG_WARN_STRICT_PROTOTYPES = YES;
				CLANG_WARN_SUSPICIOUS_MOVE = YES;
				CLANG_WARN_UNGUARDED_AVAILABILITY = YES_AGGRESSIVE;
				CLANG_WARN_UNREACHABLE_CODE = YES;
				CLANG_WARN__DUPLICATE_METHOD_MATCH = YES;
				COPY_PHASE_STRIP = NO;
				DEBUG_INFORMATION_FORMAT = dwarf;
				ENABLE_STRICT_OBJC_MSGSEND = YES;
				ENABLE_TESTABILITY = YES;
				ENABLE_USER_SCRIPT_SANDBOXING = YES;
				GCC_C_LANGUAGE_STANDARD = gnu17;
				GCC_DYNAMIC_NO_PIC = NO;
				GCC_NO_COMMON_BLOCKS = YES;
				GCC_OPTIMIZATION_LEVEL = 0;
				GCC_PREPROCESSOR_DEFINITIONS = (
					"DEBUG=1",
					"$(inherited)",
				);
				GCC_WARN_64_TO_32_BIT_CONVERSION = YES;
				GCC_WARN_ABOUT_RETURN_TYPE = YES_ERROR;
				GCC_WARN_UNDECLARED_SELECTOR = YES;
				GCC_WARN_UNINITIALIZED_AUTOS = YES_AGGRESSIVE;
				GCC_WARN_UNUSED_FUNCTION = YES;
				GCC_WARN_UNUSED_VARIABLE = YES;
				IPHONEOS_DEPLOYMENT_TARGET = 17.5;
				LOCALIZATION_PREFERS_STRING_CATALOGS = YES;
				MTL_ENABLE_DEBUG_INFO = INCLUDE_SOURCE;
				MTL_FAST_MATH = YES;
				ONLY_ACTIVE_ARCH = YES;
				SDKROOT = iphoneos;
				SWIFT_ACTIVE_COMPILATION_CONDITIONS = "DEBUG $(inherited)";
				SWIFT_OPTIMIZATION_LEVEL = "-Onone";
			};
			name = Debug;
		};
		30FF978E2D4BC35A00C109FA /* Release */ = {
			isa = XCBuildConfiguration;
			buildSettings = {
				ALWAYS_SEARCH_USER_PATHS = NO;
				ASSETCATALOG_COMPILER_GENERATE_SWIFT_ASSET_SYMBOL_EXTENSIONS = YES;
				CLANG_ANALYZER_NONNULL = YES;
				CLANG_ANALYZER_NUMBER_OBJECT_CONVERSION = YES_AGGRESSIVE;
				CLANG_CXX_LANGUAGE_STANDARD = "gnu++20";
				CLANG_ENABLE_MODULES = YES;
				CLANG_ENABLE_OBJC_ARC = YES;
				CLANG_ENABLE_OBJC_WEAK = YES;
				CLANG_WARN_BLOCK_CAPTURE_AUTORELEASING = YES;
				CLANG_WARN_BOOL_CONVERSION = YES;
				CLANG_WARN_COMMA = YES;
				CLANG_WARN_CONSTANT_CONVERSION = YES;
				CLANG_WARN_DEPRECATED_OBJC_IMPLEMENTATIONS = YES;
				CLANG_WARN_DIRECT_OBJC_ISA_USAGE = YES_ERROR;
				CLANG_WARN_DOCUMENTATION_COMMENTS = YES;
				CLANG_WARN_EMPTY_BODY = YES;
				CLANG_WARN_ENUM_CONVERSION = YES;
				CLANG_WARN_INFINITE_RECURSION = YES;
				CLANG_WARN_INT_CONVERSION = YES;
				CLANG_WARN_NON_LITERAL_NULL_CONVERSION = YES;
				CLANG_WARN_OBJC_IMPLICIT_RETAIN_SELF = YES;
				CLANG_WARN_OBJC_LITERAL_CONVERSION = YES;
				CLANG_WARN_OBJC_ROOT_CLASS = YES_ERROR;
				CLANG_WARN_QUOTED_INCLUDE_IN_FRAMEWORK_HEADER = YES;
				CLANG_WARN_RANGE_LOOP_ANALYSIS = YES;
				CLANG_WARN_STRICT_PROTOTYPES = YES;
				CLANG_WARN_SUSPICIOUS_MOVE = YES;
				CLANG_WARN_UNGUARDED_AVAILABILITY = YES_AGGRESSIVE;
				CLANG_WARN_UNREACHABLE_CODE = YES;
				CLANG_WARN__DUPLICATE_METHOD_MATCH = YES;
				COPY_PHASE_STRIP = NO;
				DEBUG_INFORMATION_FORMAT = "dwarf-with-dsym";
				ENABLE_NS_ASSERTIONS = NO;
				ENABLE_STRICT_OBJC_MSGSEND = YES;
				ENABLE_USER_SCRIPT_SANDBOXING = YES;
				GCC_C_LANGUAGE_STANDARD = gnu17;
				GCC_NO_COMMON_BLOCKS = YES;
				GCC_WARN_64_TO_32_BIT_CONVERSION = YES;
				GCC_WARN_ABOUT_RETURN_TYPE = YES_ERROR;
				GCC_WARN_UNDECLARED_SELECTOR = YES;
				GCC_WARN_UNINITIALIZED_AUTOS = YES_AGGRESSIVE;
				GCC_WARN_UNUSED_FUNCTION = YES;
				GCC_WARN_UNUSED_VARIABLE = YES;
				IPHONEOS_DEPLOYMENT_TARGET = 17.5;
				LOCALIZATION_PREFERS_STRING_CATALOGS = YES;
				MTL_ENABLE_DEBUG_INFO = NO;
				MTL_FAST_MATH = YES;
				SDKROOT = iphoneos;
				SWIFT_COMPILATION_MODE = wholemodule;
				VALIDATE_PRODUCT = YES;
			};
			name = Release;
		};
		30FF97902D4BC35A00C109FA /* Debug */ = {
			isa = XCBuildConfiguration;
			buildSettings = {
				ASSETCATALOG_COMPILER_APPICON_NAME = AppIcon;
				ASSETCATALOG_COMPILER_GLOBAL_ACCENT_COLOR_NAME = AccentColor;
				CODE_SIGN_STYLE = Automatic;
				CURRENT_PROJECT_VERSION = 1;
				DEVELOPMENT_TEAM = G9Q236HNN8;
				GENERATE_INFOPLIST_FILE = YES;
				INFOPLIST_FILE = "Recurring Payments/Info.plist";
				INFOPLIST_KEY_UIApplicationSupportsIndirectInputEvents = YES;
				INFOPLIST_KEY_UILaunchStoryboardName = LaunchScreen;
				INFOPLIST_KEY_UIMainStoryboardFile = Main;
				INFOPLIST_KEY_UISupportedInterfaceOrientations_iPad = "UIInterfaceOrientationPortrait UIInterfaceOrientationPortraitUpsideDown UIInterfaceOrientationLandscapeLeft UIInterfaceOrientationLandscapeRight";
				INFOPLIST_KEY_UISupportedInterfaceOrientations_iPhone = "UIInterfaceOrientationPortrait UIInterfaceOrientationLandscapeLeft UIInterfaceOrientationLandscapeRight";
				LD_RUNPATH_SEARCH_PATHS = (
					"$(inherited)",
					"@executable_path/Frameworks",
				);
				MARKETING_VERSION = 1.0;
				PRODUCT_BUNDLE_IDENTIFIER = "com.daniil.dementyev.Recurring-Payments";
				PRODUCT_NAME = "$(TARGET_NAME)";
				SWIFT_EMIT_LOC_STRINGS = YES;
				SWIFT_VERSION = 5.0;
				TARGETED_DEVICE_FAMILY = "1,2";
			};
			name = Debug;
		};
		30FF97912D4BC35A00C109FA /* Release */ = {
			isa = XCBuildConfiguration;
			buildSettings = {
				ASSETCATALOG_COMPILER_APPICON_NAME = AppIcon;
				ASSETCATALOG_COMPILER_GLOBAL_ACCENT_COLOR_NAME = AccentColor;
				CODE_SIGN_STYLE = Automatic;
				CURRENT_PROJECT_VERSION = 1;
				DEVELOPMENT_TEAM = G9Q236HNN8;
				GENERATE_INFOPLIST_FILE = YES;
				INFOPLIST_FILE = "Recurring Payments/Info.plist";
				INFOPLIST_KEY_UIApplicationSupportsIndirectInputEvents = YES;
				INFOPLIST_KEY_UILaunchStoryboardName = LaunchScreen;
				INFOPLIST_KEY_UIMainStoryboardFile = Main;
				INFOPLIST_KEY_UISupportedInterfaceOrientations_iPad = "UIInterfaceOrientationPortrait UIInterfaceOrientationPortraitUpsideDown UIInterfaceOrientationLandscapeLeft UIInterfaceOrientationLandscapeRight";
				INFOPLIST_KEY_UISupportedInterfaceOrientations_iPhone = "UIInterfaceOrientationPortrait UIInterfaceOrientationLandscapeLeft UIInterfaceOrientationLandscapeRight";
				LD_RUNPATH_SEARCH_PATHS = (
					"$(inherited)",
					"@executable_path/Frameworks",
				);
				MARKETING_VERSION = 1.0;
				PRODUCT_BUNDLE_IDENTIFIER = "com.daniil.dementyev.Recurring-Payments";
				PRODUCT_NAME = "$(TARGET_NAME)";
				SWIFT_EMIT_LOC_STRINGS = YES;
				SWIFT_VERSION = 5.0;
				TARGETED_DEVICE_FAMILY = "1,2";
			};
			name = Release;
		};
/* End XCBuildConfiguration section */

/* Begin XCConfigurationList section */
		30FF97762D4BC35900C109FA /* Build configuration list for PBXProject "Recurring Payments" */ = {
			isa = XCConfigurationList;
			buildConfigurations = (
				30FF978D2D4BC35A00C109FA /* Debug */,
				30FF978E2D4BC35A00C109FA /* Release */,
			);
			defaultConfigurationIsVisible = 0;
			defaultConfigurationName = Release;
		};
		30FF978F2D4BC35A00C109FA /* Build configuration list for PBXNativeTarget "Recurring Payments" */ = {
			isa = XCConfigurationList;
			buildConfigurations = (
				30FF97902D4BC35A00C109FA /* Debug */,
				30FF97912D4BC35A00C109FA /* Release */,
			);
			defaultConfigurationIsVisible = 0;
			defaultConfigurationName = Release;
		};
/* End XCConfigurationList section */
	};
	rootObject = 30FF97732D4BC35900C109FA /* Project object */;
}
